// !$*UTF8*$!
{
	archiveVersion = 1;
	classes = {
	};
	objectVersion = 56;
	objects = {

/* Begin PBXBuildFile section */
		0D0051DA29D2E2BD007CD2F8 /* AppDelegate.swift in Sources */ = {isa = PBXBuildFile; fileRef = 0D0051D929D2E2BD007CD2F8 /* AppDelegate.swift */; };
		0D0051DE29D2E2BD007CD2F8 /* MainRepositoryViewController.swift in Sources */ = {isa = PBXBuildFile; fileRef = 0D0051DD29D2E2BD007CD2F8 /* MainRepositoryViewController.swift */; };
		0D0051E329D2E2BE007CD2F8 /* Assets.xcassets in Resources */ = {isa = PBXBuildFile; fileRef = 0D0051E229D2E2BE007CD2F8 /* Assets.xcassets */; };
		0D0051E629D2E2BE007CD2F8 /* LaunchScreen.storyboard in Resources */ = {isa = PBXBuildFile; fileRef = 0D0051E429D2E2BE007CD2F8 /* LaunchScreen.storyboard */; };
		0D0051F229D2F7E2007CD2F8 /* RepositoryListTableViewCell.swift in Sources */ = {isa = PBXBuildFile; fileRef = 0D0051F129D2F7E2007CD2F8 /* RepositoryListTableViewCell.swift */; };
		0D0051F529D2F8CD007CD2F8 /* Fonts.swift in Sources */ = {isa = PBXBuildFile; fileRef = 0D0051F429D2F8CD007CD2F8 /* Fonts.swift */; };
		0D0051FF29D31C91007CD2F8 /* StringConstatnts.swift in Sources */ = {isa = PBXBuildFile; fileRef = 0D0051FE29D31C91007CD2F8 /* StringConstatnts.swift */; };
		0D00520229D31D6A007CD2F8 /* DynamicTableView.swift in Sources */ = {isa = PBXBuildFile; fileRef = 0D00520129D31D6A007CD2F8 /* DynamicTableView.swift */; };
		0D00520429D32020007CD2F8 /* ConstrainConstants.swift in Sources */ = {isa = PBXBuildFile; fileRef = 0D00520329D32020007CD2F8 /* ConstrainConstants.swift */; };
/* End PBXBuildFile section */

/* Begin PBXFileReference section */
		0D0051D629D2E2BD007CD2F8 /* multipleRepApp.app */ = {isa = PBXFileReference; explicitFileType = wrapper.application; includeInIndex = 0; path = multipleRepApp.app; sourceTree = BUILT_PRODUCTS_DIR; };
		0D0051D929D2E2BD007CD2F8 /* AppDelegate.swift */ = {isa = PBXFileReference; lastKnownFileType = sourcecode.swift; path = AppDelegate.swift; sourceTree = "<group>"; };
		0D0051DD29D2E2BD007CD2F8 /* MainRepositoryViewController.swift */ = {isa = PBXFileReference; lastKnownFileType = sourcecode.swift; path = MainRepositoryViewController.swift; sourceTree = "<group>"; };
		0D0051E229D2E2BE007CD2F8 /* Assets.xcassets */ = {isa = PBXFileReference; lastKnownFileType = folder.assetcatalog; path = Assets.xcassets; sourceTree = "<group>"; };
		0D0051E529D2E2BE007CD2F8 /* Base */ = {isa = PBXFileReference; lastKnownFileType = file.storyboard; name = Base; path = Base.lproj/LaunchScreen.storyboard; sourceTree = "<group>"; };
		0D0051E729D2E2BE007CD2F8 /* Info.plist */ = {isa = PBXFileReference; lastKnownFileType = text.plist.xml; path = Info.plist; sourceTree = "<group>"; };
		0D0051F129D2F7E2007CD2F8 /* RepositoryListTableViewCell.swift */ = {isa = PBXFileReference; lastKnownFileType = sourcecode.swift; path = RepositoryListTableViewCell.swift; sourceTree = "<group>"; };
		0D0051F429D2F8CD007CD2F8 /* Fonts.swift */ = {isa = PBXFileReference; lastKnownFileType = sourcecode.swift; path = Fonts.swift; sourceTree = "<group>"; };
		0D0051FE29D31C91007CD2F8 /* StringConstatnts.swift */ = {isa = PBXFileReference; lastKnownFileType = sourcecode.swift; path = StringConstatnts.swift; sourceTree = "<group>"; };
		0D00520129D31D6A007CD2F8 /* DynamicTableView.swift */ = {isa = PBXFileReference; lastKnownFileType = sourcecode.swift; path = DynamicTableView.swift; sourceTree = "<group>"; };
		0D00520329D32020007CD2F8 /* ConstrainConstants.swift */ = {isa = PBXFileReference; lastKnownFileType = sourcecode.swift; path = ConstrainConstants.swift; sourceTree = "<group>"; };
/* End PBXFileReference section */

/* Begin PBXFrameworksBuildPhase section */
		0D0051D329D2E2BD007CD2F8 /* Frameworks */ = {
			isa = PBXFrameworksBuildPhase;
			buildActionMask = 2147483647;
			files = (
			);
			runOnlyForDeploymentPostprocessing = 0;
		};
/* End PBXFrameworksBuildPhase section */

/* Begin PBXGroup section */
		0D0051CD29D2E2BC007CD2F8 = {
			isa = PBXGroup;
			children = (
				0D0051D829D2E2BD007CD2F8 /* multipleRepApp */,
				0D0051D729D2E2BD007CD2F8 /* Products */,
			);
			sourceTree = "<group>";
		};
		0D0051D729D2E2BD007CD2F8 /* Products */ = {
			isa = PBXGroup;
			children = (
				0D0051D629D2E2BD007CD2F8 /* multipleRepApp.app */,
			);
			name = Products;
			sourceTree = "<group>";
		};
		0D0051D829D2E2BD007CD2F8 /* multipleRepApp */ = {
			isa = PBXGroup;
			children = (
				0D00520029D31D4B007CD2F8 /* Helpers */,
				0D0051D929D2E2BD007CD2F8 /* AppDelegate.swift */,
				0D0051F429D2F8CD007CD2F8 /* Fonts.swift */,
				0D0051FE29D31C91007CD2F8 /* StringConstatnts.swift */,
				0D00520329D32020007CD2F8 /* ConstrainConstants.swift */,
				0D0051F329D2F8AB007CD2F8 /* Networking */,
				0D0051ED29D2F60E007CD2F8 /* Modules */,
				0D0051E229D2E2BE007CD2F8 /* Assets.xcassets */,
				0D0051E429D2E2BE007CD2F8 /* LaunchScreen.storyboard */,
				0D0051E729D2E2BE007CD2F8 /* Info.plist */,
			);
			path = multipleRepApp;
			sourceTree = "<group>";
		};
		0D0051ED29D2F60E007CD2F8 /* Modules */ = {
			isa = PBXGroup;
			children = (
				0D0051EE29D2F61E007CD2F8 /* RepositoryListView */,
			);
			path = Modules;
			sourceTree = "<group>";
		};
		0D0051EE29D2F61E007CD2F8 /* RepositoryListView */ = {
			isa = PBXGroup;
			children = (
				0D0051F029D2F6D5007CD2F8 /* Protocols */,
				0D0051EF29D2F6C8007CD2F8 /* View */,
				0D0051F629D301D7007CD2F8 /* ViewModel */,
			);
			path = RepositoryListView;
			sourceTree = "<group>";
		};
		0D0051EF29D2F6C8007CD2F8 /* View */ = {
			isa = PBXGroup;
			children = (
				0D0051DD29D2E2BD007CD2F8 /* MainRepositoryViewController.swift */,
				0D0051F129D2F7E2007CD2F8 /* RepositoryListTableViewCell.swift */,
			);
			path = View;
			sourceTree = "<group>";
		};
		0D0051F029D2F6D5007CD2F8 /* Protocols */ = {
			isa = PBXGroup;
			children = (
			);
			path = Protocols;
			sourceTree = "<group>";
		};
		0D0051F329D2F8AB007CD2F8 /* Networking */ = {
			isa = PBXGroup;
			children = (
				0D0051F929D31BB6007CD2F8 /* Helpers */,
			);
			path = Networking;
			sourceTree = "<group>";
		};
		0D0051F629D301D7007CD2F8 /* ViewModel */ = {
			isa = PBXGroup;
			children = (
			);
			path = ViewModel;
			sourceTree = "<group>";
		};
		0D0051F929D31BB6007CD2F8 /* Helpers */ = {
			isa = PBXGroup;
			children = (
			);
			path = Helpers;
			sourceTree = "<group>";
		};
		0D00520029D31D4B007CD2F8 /* Helpers */ = {
			isa = PBXGroup;
			children = (
				0D00520129D31D6A007CD2F8 /* DynamicTableView.swift */,
			);
			path = Helpers;
			sourceTree = "<group>";
		};
/* End PBXGroup section */

/* Begin PBXNativeTarget section */
		0D0051D529D2E2BD007CD2F8 /* multipleRepApp */ = {
			isa = PBXNativeTarget;
			buildConfigurationList = 0D0051EA29D2E2BE007CD2F8 /* Build configuration list for PBXNativeTarget "multipleRepApp" */;
			buildPhases = (
				0D0051D229D2E2BD007CD2F8 /* Sources */,
				0D0051D329D2E2BD007CD2F8 /* Frameworks */,
				0D0051D429D2E2BD007CD2F8 /* Resources */,
			);
			buildRules = (
			);
			dependencies = (
			);
			name = multipleRepApp;
			productName = multipleRepApp;
			productReference = 0D0051D629D2E2BD007CD2F8 /* multipleRepApp.app */;
			productType = "com.apple.product-type.application";
		};
/* End PBXNativeTarget section */

/* Begin PBXProject section */
		0D0051CE29D2E2BC007CD2F8 /* Project object */ = {
			isa = PBXProject;
			attributes = {
				BuildIndependentTargetsInParallel = 1;
				LastSwiftUpdateCheck = 1400;
				LastUpgradeCheck = 1400;
				TargetAttributes = {
					0D0051D529D2E2BD007CD2F8 = {
						CreatedOnToolsVersion = 14.0;
					};
				};
			};
			buildConfigurationList = 0D0051D129D2E2BC007CD2F8 /* Build configuration list for PBXProject "multipleRepApp" */;
			compatibilityVersion = "Xcode 14.0";
			developmentRegion = en;
			hasScannedForEncodings = 0;
			knownRegions = (
				en,
				Base,
			);
			mainGroup = 0D0051CD29D2E2BC007CD2F8;
			productRefGroup = 0D0051D729D2E2BD007CD2F8 /* Products */;
			projectDirPath = "";
			projectRoot = "";
			targets = (
				0D0051D529D2E2BD007CD2F8 /* multipleRepApp */,
			);
		};
/* End PBXProject section */

/* Begin PBXResourcesBuildPhase section */
		0D0051D429D2E2BD007CD2F8 /* Resources */ = {
			isa = PBXResourcesBuildPhase;
			buildActionMask = 2147483647;
			files = (
				0D0051E629D2E2BE007CD2F8 /* LaunchScreen.storyboard in Resources */,
				0D0051E329D2E2BE007CD2F8 /* Assets.xcassets in Resources */,
			);
			runOnlyForDeploymentPostprocessing = 0;
		};
/* End PBXResourcesBuildPhase section */

/* Begin PBXSourcesBuildPhase section */
		0D0051D229D2E2BD007CD2F8 /* Sources */ = {
			isa = PBXSourcesBuildPhase;
			buildActionMask = 2147483647;
			files = (
				0D00520429D32020007CD2F8 /* ConstrainConstants.swift in Sources */,
				0D0051F529D2F8CD007CD2F8 /* Fonts.swift in Sources */,
				0D0051F229D2F7E2007CD2F8 /* RepositoryListTableViewCell.swift in Sources */,
				0D0051FF29D31C91007CD2F8 /* StringConstatnts.swift in Sources */,
				0D00520229D31D6A007CD2F8 /* DynamicTableView.swift in Sources */,
				0D0051DE29D2E2BD007CD2F8 /* MainRepositoryViewController.swift in Sources */,
				0D0051DA29D2E2BD007CD2F8 /* AppDelegate.swift in Sources */,
			);
			runOnlyForDeploymentPostprocessing = 0;
		};
/* End PBXSourcesBuildPhase section */

/* Begin PBXVariantGroup section */
		0D0051E429D2E2BE007CD2F8 /* LaunchScreen.storyboard */ = {
			isa = PBXVariantGroup;
			children = (
				0D0051E529D2E2BE007CD2F8 /* Base */,
			);
			name = LaunchScreen.storyboard;
			sourceTree = "<group>";
		};
/* End PBXVariantGroup section */

/* Begin XCBuildConfiguration section */
		0D0051E829D2E2BE007CD2F8 /* Debug */ = {
			isa = XCBuildConfiguration;
			buildSettings = {
				ALWAYS_SEARCH_USER_PATHS = NO;
				CLANG_ANALYZER_NONNULL = YES;
				CLANG_ANALYZER_NUMBER_OBJECT_CONVERSION = YES_AGGRESSIVE;
				CLANG_CXX_LANGUAGE_STANDARD = "gnu++20";
				CLANG_ENABLE_MODULES = YES;
				CLANG_ENABLE_OBJC_ARC = YES;
				CLANG_ENABLE_OBJC_WEAK = YES;
				CLANG_WARN_BLOCK_CAPTURE_AUTORELEASING = YES;
				CLANG_WARN_BOOL_CONVERSION = YES;
				CLANG_WARN_COMMA = YES;
				CLANG_WARN_CONSTANT_CONVERSION = YES;
				CLANG_WARN_DEPRECATED_OBJC_IMPLEMENTATIONS = YES;
				CLANG_WARN_DIRECT_OBJC_ISA_USAGE = YES_ERROR;
				CLANG_WARN_DOCUMENTATION_COMMENTS = YES;
				CLANG_WARN_EMPTY_BODY = YES;
				CLANG_WARN_ENUM_CONVERSION = YES;
				CLANG_WARN_INFINITE_RECURSION = YES;
				CLANG_WARN_INT_CONVERSION = YES;
				CLANG_WARN_NON_LITERAL_NULL_CONVERSION = YES;
				CLANG_WARN_OBJC_IMPLICIT_RETAIN_SELF = YES;
				CLANG_WARN_OBJC_LITERAL_CONVERSION = YES;
				CLANG_WARN_OBJC_ROOT_CLASS = YES_ERROR;
				CLANG_WARN_QUOTED_INCLUDE_IN_FRAMEWORK_HEADER = YES;
				CLANG_WARN_RANGE_LOOP_ANALYSIS = YES;
				CLANG_WARN_STRICT_PROTOTYPES = YES;
				CLANG_WARN_SUSPICIOUS_MOVE = YES;
				CLANG_WARN_UNGUARDED_AVAILABILITY = YES_AGGRESSIVE;
				CLANG_WARN_UNREACHABLE_CODE = YES;
				CLANG_WARN__DUPLICATE_METHOD_MATCH = YES;
				COPY_PHASE_STRIP = NO;
				DEBUG_INFORMATION_FORMAT = dwarf;
				ENABLE_STRICT_OBJC_MSGSEND = YES;
				ENABLE_TESTABILITY = YES;
				GCC_C_LANGUAGE_STANDARD = gnu11;
				GCC_DYNAMIC_NO_PIC = NO;
				GCC_NO_COMMON_BLOCKS = YES;
				GCC_OPTIMIZATION_LEVEL = 0;
				GCC_PREPROCESSOR_DEFINITIONS = (
					"DEBUG=1",
					"$(inherited)",
				);
				GCC_WARN_64_TO_32_BIT_CONVERSION = YES;
				GCC_WARN_ABOUT_RETURN_TYPE = YES_ERROR;
				GCC_WARN_UNDECLARED_SELECTOR = YES;
				GCC_WARN_UNINITIALIZED_AUTOS = YES_AGGRESSIVE;
				GCC_WARN_UNUSED_FUNCTION = YES;
				GCC_WARN_UNUSED_VARIABLE = YES;
				IPHONEOS_DEPLOYMENT_TARGET = 16.0;
				MTL_ENABLE_DEBUG_INFO = INCLUDE_SOURCE;
				MTL_FAST_MATH = YES;
				ONLY_ACTIVE_ARCH = YES;
				SDKROOT = iphoneos;
				SWIFT_ACTIVE_COMPILATION_CONDITIONS = DEBUG;
				SWIFT_OPTIMIZATION_LEVEL = "-Onone";
			};
			name = Debug;
		};
		0D0051E929D2E2BE007CD2F8 /* Release */ = {
			isa = XCBuildConfiguration;
			buildSettings = {
				ALWAYS_SEARCH_USER_PATHS = NO;
				CLANG_ANALYZER_NONNULL = YES;
				CLANG_ANALYZER_NUMBER_OBJECT_CONVERSION = YES_AGGRESSIVE;
				CLANG_CXX_LANGUAGE_STANDARD = "gnu++20";
				CLANG_ENABLE_MODULES = YES;
				CLANG_ENABLE_OBJC_ARC = YES;
				CLANG_ENABLE_OBJC_WEAK = YES;
				CLANG_WARN_BLOCK_CAPTURE_AUTORELEASING = YES;
				CLANG_WARN_BOOL_CONVERSION = YES;
				CLANG_WARN_COMMA = YES;
				CLANG_WARN_CONSTANT_CONVERSION = YES;
				CLANG_WARN_DEPRECATED_OBJC_IMPLEMENTATIONS = YES;
				CLANG_WARN_DIRECT_OBJC_ISA_USAGE = YES_ERROR;
				CLANG_WARN_DOCUMENTATION_COMMENTS = YES;
				CLANG_WARN_EMPTY_BODY = YES;
				CLANG_WARN_ENUM_CONVERSION = YES;
				CLANG_WARN_INFINITE_RECURSION = YES;
				CLANG_WARN_INT_CONVERSION = YES;
				CLANG_WARN_NON_LITERAL_NULL_CONVERSION = YES;
				CLANG_WARN_OBJC_IMPLICIT_RETAIN_SELF = YES;
				CLANG_WARN_OBJC_LITERAL_CONVERSION = YES;
				CLANG_WARN_OBJC_ROOT_CLASS = YES_ERROR;
				CLANG_WARN_QUOTED_INCLUDE_IN_FRAMEWORK_HEADER = YES;
				CLANG_WARN_RANGE_LOOP_ANALYSIS = YES;
				CLANG_WARN_STRICT_PROTOTYPES = YES;
				CLANG_WARN_SUSPICIOUS_MOVE = YES;
				CLANG_WARN_UNGUARDED_AVAILABILITY = YES_AGGRESSIVE;
				CLANG_WARN_UNREACHABLE_CODE = YES;
				CLANG_WARN__DUPLICATE_METHOD_MATCH = YES;
				COPY_PHASE_STRIP = NO;
				DEBUG_INFORMATION_FORMAT = "dwarf-with-dsym";
				ENABLE_NS_ASSERTIONS = NO;
				ENABLE_STRICT_OBJC_MSGSEND = YES;
				GCC_C_LANGUAGE_STANDARD = gnu11;
				GCC_NO_COMMON_BLOCKS = YES;
				GCC_WARN_64_TO_32_BIT_CONVERSION = YES;
				GCC_WARN_ABOUT_RETURN_TYPE = YES_ERROR;
				GCC_WARN_UNDECLARED_SELECTOR = YES;
				GCC_WARN_UNINITIALIZED_AUTOS = YES_AGGRESSIVE;
				GCC_WARN_UNUSED_FUNCTION = YES;
				GCC_WARN_UNUSED_VARIABLE = YES;
				IPHONEOS_DEPLOYMENT_TARGET = 16.0;
				MTL_ENABLE_DEBUG_INFO = NO;
				MTL_FAST_MATH = YES;
				SDKROOT = iphoneos;
				SWIFT_COMPILATION_MODE = wholemodule;
				SWIFT_OPTIMIZATION_LEVEL = "-O";
				VALIDATE_PRODUCT = YES;
			};
			name = Release;
		};
		0D0051EB29D2E2BE007CD2F8 /* Debug */ = {
			isa = XCBuildConfiguration;
			buildSettings = {
				ASSETCATALOG_COMPILER_APPICON_NAME = AppIcon;
				ASSETCATALOG_COMPILER_GLOBAL_ACCENT_COLOR_NAME = AccentColor;
				CODE_SIGN_STYLE = Automatic;
				CURRENT_PROJECT_VERSION = 1;
				DEVELOPMENT_TEAM = A28483XCK4;
				GENERATE_INFOPLIST_FILE = YES;
				INFOPLIST_FILE = multipleRepApp/Info.plist;
				INFOPLIST_KEY_UIApplicationSupportsIndirectInputEvents = YES;
				INFOPLIST_KEY_UILaunchStoryboardName = LaunchScreen;
				INFOPLIST_KEY_UISupportedInterfaceOrientations_iPad = "UIInterfaceOrientationPortrait UIInterfaceOrientationPortraitUpsideDown UIInterfaceOrientationLandscapeLeft UIInterfaceOrientationLandscapeRight";
				INFOPLIST_KEY_UISupportedInterfaceOrientations_iPhone = "UIInterfaceOrientationPortrait UIInterfaceOrientationLandscapeLeft UIInterfaceOrientationLandscapeRight";
				LD_RUNPATH_SEARCH_PATHS = (
					"$(inherited)",
					"@executable_path/Frameworks",
				);
				MARKETING_VERSION = 1.0;
				PRODUCT_BUNDLE_IDENTIFIER = com.krysaktina.multipleRepApp;
				PRODUCT_NAME = "$(TARGET_NAME)";
				SWIFT_EMIT_LOC_STRINGS = YES;
				SWIFT_VERSION = 5.0;
				TARGETED_DEVICE_FAMILY = "1,2";
			};
			name = Debug;
		};
		0D0051EC29D2E2BE007CD2F8 /* Release */ = {
			isa = XCBuildConfiguration;
			buildSettings = {
				ASSETCATALOG_COMPILER_APPICON_NAME = AppIcon;
				ASSETCATALOG_COMPILER_GLOBAL_ACCENT_COLOR_NAME = AccentColor;
				CODE_SIGN_STYLE = Automatic;
				CURRENT_PROJECT_VERSION = 1;
				DEVELOPMENT_TEAM = A28483XCK4;
				GENERATE_INFOPLIST_FILE = YES;
				INFOPLIST_FILE = multipleRepApp/Info.plist;
				INFOPLIST_KEY_UIApplicationSupportsIndirectInputEvents = YES;
				INFOPLIST_KEY_UILaunchStoryboardName = LaunchScreen;
				INFOPLIST_KEY_UISupportedInterfaceOrientations_iPad = "UIInterfaceOrientationPortrait UIInterfaceOrientationPortraitUpsideDown UIInterfaceOrientationLandscapeLeft UIInterfaceOrientationLandscapeRight";
				INFOPLIST_KEY_UISupportedInterfaceOrientations_iPhone = "UIInterfaceOrientationPortrait UIInterfaceOrientationLandscapeLeft UIInterfaceOrientationLandscapeRight";
				LD_RUNPATH_SEARCH_PATHS = (
					"$(inherited)",
					"@executable_path/Frameworks",
				);
				MARKETING_VERSION = 1.0;
				PRODUCT_BUNDLE_IDENTIFIER = com.krysaktina.multipleRepApp;
				PRODUCT_NAME = "$(TARGET_NAME)";
				SWIFT_EMIT_LOC_STRINGS = YES;
				SWIFT_VERSION = 5.0;
				TARGETED_DEVICE_FAMILY = "1,2";
			};
			name = Release;
		};
/* End XCBuildConfiguration section */

/* Begin XCConfigurationList section */
		0D0051D129D2E2BC007CD2F8 /* Build configuration list for PBXProject "multipleRepApp" */ = {
			isa = XCConfigurationList;
			buildConfigurations = (
				0D0051E829D2E2BE007CD2F8 /* Debug */,
				0D0051E929D2E2BE007CD2F8 /* Release */,
			);
			defaultConfigurationIsVisible = 0;
			defaultConfigurationName = Release;
		};
		0D0051EA29D2E2BE007CD2F8 /* Build configuration list for PBXNativeTarget "multipleRepApp" */ = {
			isa = XCConfigurationList;
			buildConfigurations = (
				0D0051EB29D2E2BE007CD2F8 /* Debug */,
				0D0051EC29D2E2BE007CD2F8 /* Release */,
			);
			defaultConfigurationIsVisible = 0;
			defaultConfigurationName = Release;
		};
/* End XCConfigurationList section */
	};
	rootObject = 0D0051CE29D2E2BC007CD2F8 /* Project object */;
}
