// !$*UTF8*$!
{
	archiveVersion = 1;
	classes = {
	};
	objectVersion = 56;
	objects = {

/* Begin PBXBuildFile section */
		0D0051DA29D2E2BD007CD2F8 /* AppDelegate.swift in Sources */ = {isa = PBXBuildFile; fileRef = 0D0051D929D2E2BD007CD2F8 /* AppDelegate.swift */; };
		0D0051DE29D2E2BD007CD2F8 /* MainRepositoryViewController.swift in Sources */ = {isa = PBXBuildFile; fileRef = 0D0051DD29D2E2BD007CD2F8 /* MainRepositoryViewController.swift */; };
		0D0051E329D2E2BE007CD2F8 /* Assets.xcassets in Resources */ = {isa = PBXBuildFile; fileRef = 0D0051E229D2E2BE007CD2F8 /* Assets.xcassets */; };
		0D0051E629D2E2BE007CD2F8 /* LaunchScreen.storyboard in Resources */ = {isa = PBXBuildFile; fileRef = 0D0051E429D2E2BE007CD2F8 /* LaunchScreen.storyboard */; };
		0D0051F229D2F7E2007CD2F8 /* RepositoryListTableViewCell.swift in Sources */ = {isa = PBXBuildFile; fileRef = 0D0051F129D2F7E2007CD2F8 /* RepositoryListTableViewCell.swift */; };
		0D0051F529D2F8CD007CD2F8 /* Fonts.swift in Sources */ = {isa = PBXBuildFile; fileRef = 0D0051F429D2F8CD007CD2F8 /* Fonts.swift */; };
		0D0051FF29D31C91007CD2F8 /* StringConstatnts.swift in Sources */ = {isa = PBXBuildFile; fileRef = 0D0051FE29D31C91007CD2F8 /* StringConstatnts.swift */; };
		0D00520229D31D6A007CD2F8 /* DynamicTableView.swift in Sources */ = {isa = PBXBuildFile; fileRef = 0D00520129D31D6A007CD2F8 /* DynamicTableView.swift */; };
		0D00520429D32020007CD2F8 /* ConstrainConstants.swift in Sources */ = {isa = PBXBuildFile; fileRef = 0D00520329D32020007CD2F8 /* ConstrainConstants.swift */; };
		0D00520629D32765007CD2F8 /* Reachability.swift in Sources */ = {isa = PBXBuildFile; fileRef = 0D00520529D32765007CD2F8 /* Reachability.swift */; };
		0D00520829D32775007CD2F8 /* NetworkManager.swift in Sources */ = {isa = PBXBuildFile; fileRef = 0D00520729D32775007CD2F8 /* NetworkManager.swift */; };
		0D00520A29D3279E007CD2F8 /* NetworkError.swift in Sources */ = {isa = PBXBuildFile; fileRef = 0D00520929D3279E007CD2F8 /* NetworkError.swift */; };
		0D00520C29D327D1007CD2F8 /* Endpoint.swift in Sources */ = {isa = PBXBuildFile; fileRef = 0D00520B29D327D1007CD2F8 /* Endpoint.swift */; };
		0D00521229D32F0B007CD2F8 /* BitBucketModel.swift in Sources */ = {isa = PBXBuildFile; fileRef = 0D00521129D32F0B007CD2F8 /* BitBucketModel.swift */; };
		0D00521429D32FE9007CD2F8 /* GitHubModel.swift in Sources */ = {isa = PBXBuildFile; fileRef = 0D00521329D32FE9007CD2F8 /* GitHubModel.swift */; };
		0D00521629D3317C007CD2F8 /* RepositopyListViewModel.swift in Sources */ = {isa = PBXBuildFile; fileRef = 0D00521529D3317C007CD2F8 /* RepositopyListViewModel.swift */; };
		0D00521829D41E5D007CD2F8 /* MainScreenModel.swift in Sources */ = {isa = PBXBuildFile; fileRef = 0D00521729D41E5D007CD2F8 /* MainScreenModel.swift */; };
		0D00521A29D42D43007CD2F8 /* TableViewProvidingProtocol.swift in Sources */ = {isa = PBXBuildFile; fileRef = 0D00521929D42D43007CD2F8 /* TableViewProvidingProtocol.swift */; };
		0D00521C29D431E0007CD2F8 /* ErrorTableViewCell.swift in Sources */ = {isa = PBXBuildFile; fileRef = 0D00521B29D431E0007CD2F8 /* ErrorTableViewCell.swift */; };
		0D00521F29D440C8007CD2F8 /* UIViewController.swift in Sources */ = {isa = PBXBuildFile; fileRef = 0D00521E29D440C8007CD2F8 /* UIViewController.swift */; };
		0DA1904729D469D10016E9C5 /* SearchProvidingProtocol.swift in Sources */ = {isa = PBXBuildFile; fileRef = 0DA1904629D469D10016E9C5 /* SearchProvidingProtocol.swift */; };
		5F68FAE2E66C3A6847C926AA /* Pods_multipleRepApp.framework in Frameworks */ = {isa = PBXBuildFile; fileRef = 83E41AF15920E68C55D440C7 /* Pods_multipleRepApp.framework */; };
/* End PBXBuildFile section */

/* Begin PBXFileReference section */
		0D0051D629D2E2BD007CD2F8 /* multipleRepApp.app */ = {isa = PBXFileReference; explicitFileType = wrapper.application; includeInIndex = 0; path = multipleRepApp.app; sourceTree = BUILT_PRODUCTS_DIR; };
		0D0051D929D2E2BD007CD2F8 /* AppDelegate.swift */ = {isa = PBXFileReference; lastKnownFileType = sourcecode.swift; path = AppDelegate.swift; sourceTree = "<group>"; };
		0D0051DD29D2E2BD007CD2F8 /* MainRepositoryViewController.swift */ = {isa = PBXFileReference; lastKnownFileType = sourcecode.swift; path = MainRepositoryViewController.swift; sourceTree = "<group>"; };
		0D0051E229D2E2BE007CD2F8 /* Assets.xcassets */ = {isa = PBXFileReference; lastKnownFileType = folder.assetcatalog; path = Assets.xcassets; sourceTree = "<group>"; };
		0D0051E529D2E2BE007CD2F8 /* Base */ = {isa = PBXFileReference; lastKnownFileType = file.storyboard; name = Base; path = Base.lproj/LaunchScreen.storyboard; sourceTree = "<group>"; };
		0D0051E729D2E2BE007CD2F8 /* Info.plist */ = {isa = PBXFileReference; lastKnownFileType = text.plist.xml; path = Info.plist; sourceTree = "<group>"; };
		0D0051F129D2F7E2007CD2F8 /* RepositoryListTableViewCell.swift */ = {isa = PBXFileReference; lastKnownFileType = sourcecode.swift; path = RepositoryListTableViewCell.swift; sourceTree = "<group>"; };
		0D0051F429D2F8CD007CD2F8 /* Fonts.swift */ = {isa = PBXFileReference; lastKnownFileType = sourcecode.swift; path = Fonts.swift; sourceTree = "<group>"; };
		0D0051FE29D31C91007CD2F8 /* StringConstatnts.swift */ = {isa = PBXFileReference; lastKnownFileType = sourcecode.swift; path = StringConstatnts.swift; sourceTree = "<group>"; };
		0D00520129D31D6A007CD2F8 /* DynamicTableView.swift */ = {isa = PBXFileReference; lastKnownFileType = sourcecode.swift; path = DynamicTableView.swift; sourceTree = "<group>"; };
		0D00520329D32020007CD2F8 /* ConstrainConstants.swift */ = {isa = PBXFileReference; lastKnownFileType = sourcecode.swift; path = ConstrainConstants.swift; sourceTree = "<group>"; };
		0D00520529D32765007CD2F8 /* Reachability.swift */ = {isa = PBXFileReference; lastKnownFileType = sourcecode.swift; path = Reachability.swift; sourceTree = "<group>"; };
		0D00520729D32775007CD2F8 /* NetworkManager.swift */ = {isa = PBXFileReference; lastKnownFileType = sourcecode.swift; path = NetworkManager.swift; sourceTree = "<group>"; };
		0D00520929D3279E007CD2F8 /* NetworkError.swift */ = {isa = PBXFileReference; lastKnownFileType = sourcecode.swift; path = NetworkError.swift; sourceTree = "<group>"; };
		0D00520B29D327D1007CD2F8 /* Endpoint.swift */ = {isa = PBXFileReference; lastKnownFileType = sourcecode.swift; path = Endpoint.swift; sourceTree = "<group>"; };
		0D00521129D32F0B007CD2F8 /* BitBucketModel.swift */ = {isa = PBXFileReference; lastKnownFileType = sourcecode.swift; path = BitBucketModel.swift; sourceTree = "<group>"; };
		0D00521329D32FE9007CD2F8 /* GitHubModel.swift */ = {isa = PBXFileReference; lastKnownFileType = sourcecode.swift; path = GitHubModel.swift; sourceTree = "<group>"; };
		0D00521529D3317C007CD2F8 /* RepositopyListViewModel.swift */ = {isa = PBXFileReference; lastKnownFileType = sourcecode.swift; path = RepositopyListViewModel.swift; sourceTree = "<group>"; };
		0D00521729D41E5D007CD2F8 /* MainScreenModel.swift */ = {isa = PBXFileReference; lastKnownFileType = sourcecode.swift; path = MainScreenModel.swift; sourceTree = "<group>"; };
		0D00521929D42D43007CD2F8 /* TableViewProvidingProtocol.swift */ = {isa = PBXFileReference; lastKnownFileType = sourcecode.swift; path = TableViewProvidingProtocol.swift; sourceTree = "<group>"; };
		0D00521B29D431E0007CD2F8 /* ErrorTableViewCell.swift */ = {isa = PBXFileReference; lastKnownFileType = sourcecode.swift; path = ErrorTableViewCell.swift; sourceTree = "<group>"; };
		0D00521E29D440C8007CD2F8 /* UIViewController.swift */ = {isa = PBXFileReference; lastKnownFileType = sourcecode.swift; path = UIViewController.swift; sourceTree = "<group>"; };
		0DA1904629D469D10016E9C5 /* SearchProvidingProtocol.swift */ = {isa = PBXFileReference; lastKnownFileType = sourcecode.swift; path = SearchProvidingProtocol.swift; sourceTree = "<group>"; };
		107A2C4CD596445848EA33F9 /* Pods-multipleRepApp.debug.xcconfig */ = {isa = PBXFileReference; includeInIndex = 1; lastKnownFileType = text.xcconfig; name = "Pods-multipleRepApp.debug.xcconfig"; path = "Target Support Files/Pods-multipleRepApp/Pods-multipleRepApp.debug.xcconfig"; sourceTree = "<group>"; };
		83E41AF15920E68C55D440C7 /* Pods_multipleRepApp.framework */ = {isa = PBXFileReference; explicitFileType = wrapper.framework; includeInIndex = 0; path = Pods_multipleRepApp.framework; sourceTree = BUILT_PRODUCTS_DIR; };
		C459332AD6F9AE4FC43B723B /* Pods-multipleRepApp.release.xcconfig */ = {isa = PBXFileReference; includeInIndex = 1; lastKnownFileType = text.xcconfig; name = "Pods-multipleRepApp.release.xcconfig"; path = "Target Support Files/Pods-multipleRepApp/Pods-multipleRepApp.release.xcconfig"; sourceTree = "<group>"; };
/* End PBXFileReference section */

/* Begin PBXFrameworksBuildPhase section */
		0D0051D329D2E2BD007CD2F8 /* Frameworks */ = {
			isa = PBXFrameworksBuildPhase;
			buildActionMask = 2147483647;
			files = (
				5F68FAE2E66C3A6847C926AA /* Pods_multipleRepApp.framework in Frameworks */,
			);
			runOnlyForDeploymentPostprocessing = 0;
		};
/* End PBXFrameworksBuildPhase section */

/* Begin PBXGroup section */
		0D0051CD29D2E2BC007CD2F8 = {
			isa = PBXGroup;
			children = (
				0D0051D829D2E2BD007CD2F8 /* multipleRepApp */,
				0D0051D729D2E2BD007CD2F8 /* Products */,
				88F696DCCD1F4674076A628B /* Pods */,
				F30917E62EB0C01244FDD2C5 /* Frameworks */,
			);
			sourceTree = "<group>";
		};
		0D0051D729D2E2BD007CD2F8 /* Products */ = {
			isa = PBXGroup;
			children = (
				0D0051D629D2E2BD007CD2F8 /* multipleRepApp.app */,
			);
			name = Products;
			sourceTree = "<group>";
		};
		0D0051D829D2E2BD007CD2F8 /* multipleRepApp */ = {
			isa = PBXGroup;
			children = (
				0D00520029D31D4B007CD2F8 /* Helpers */,
				0D0051D929D2E2BD007CD2F8 /* AppDelegate.swift */,
				0D0051F429D2F8CD007CD2F8 /* Fonts.swift */,
				0D0051FE29D31C91007CD2F8 /* StringConstatnts.swift */,
				0D00520329D32020007CD2F8 /* ConstrainConstants.swift */,
				0D0051F329D2F8AB007CD2F8 /* Networking */,
				0D0051ED29D2F60E007CD2F8 /* Modules */,
				0D0051E229D2E2BE007CD2F8 /* Assets.xcassets */,
				0D0051E429D2E2BE007CD2F8 /* LaunchScreen.storyboard */,
				0D0051E729D2E2BE007CD2F8 /* Info.plist */,
			);
			path = multipleRepApp;
			sourceTree = "<group>";
		};
		0D0051ED29D2F60E007CD2F8 /* Modules */ = {
			isa = PBXGroup;
			children = (
				0D0051EE29D2F61E007CD2F8 /* RepositoryListView */,
			);
			path = Modules;
			sourceTree = "<group>";
		};
		0D0051EE29D2F61E007CD2F8 /* RepositoryListView */ = {
			isa = PBXGroup;
			children = (
				0D0051F029D2F6D5007CD2F8 /* Protocols */,
				0D0051F629D301D7007CD2F8 /* ViewModel */,
				0D0051EF29D2F6C8007CD2F8 /* View */,
			);
			path = RepositoryListView;
			sourceTree = "<group>";
		};
		0D0051EF29D2F6C8007CD2F8 /* View */ = {
			isa = PBXGroup;
			children = (
				0D0051DD29D2E2BD007CD2F8 /* MainRepositoryViewController.swift */,
				0D0051F129D2F7E2007CD2F8 /* RepositoryListTableViewCell.swift */,
				0D00521B29D431E0007CD2F8 /* ErrorTableViewCell.swift */,
			);
			path = View;
			sourceTree = "<group>";
		};
		0D0051F029D2F6D5007CD2F8 /* Protocols */ = {
			isa = PBXGroup;
			children = (
				0D00521929D42D43007CD2F8 /* TableViewProvidingProtocol.swift */,
				0DA1904629D469D10016E9C5 /* SearchProvidingProtocol.swift */,
			);
			path = Protocols;
			sourceTree = "<group>";
		};
		0D0051F329D2F8AB007CD2F8 /* Networking */ = {
			isa = PBXGroup;
			children = (
				0D00521029D32EFA007CD2F8 /* Models */,
				0D0051F929D31BB6007CD2F8 /* Helpers */,
				0D00520729D32775007CD2F8 /* NetworkManager.swift */,
				0D00520929D3279E007CD2F8 /* NetworkError.swift */,
				0D00520B29D327D1007CD2F8 /* Endpoint.swift */,
			);
			path = Networking;
			sourceTree = "<group>";
		};
		0D0051F629D301D7007CD2F8 /* ViewModel */ = {
			isa = PBXGroup;
			children = (
				0D00521529D3317C007CD2F8 /* RepositopyListViewModel.swift */,
			);
			path = ViewModel;
			sourceTree = "<group>";
		};
		0D0051F929D31BB6007CD2F8 /* Helpers */ = {
			isa = PBXGroup;
			children = (
				0D00520529D32765007CD2F8 /* Reachability.swift */,
			);
			path = Helpers;
			sourceTree = "<group>";
		};
		0D00520029D31D4B007CD2F8 /* Helpers */ = {
			isa = PBXGroup;
			children = (
				0D00521D29D440B4007CD2F8 /* Extentions */,
				0D00520129D31D6A007CD2F8 /* DynamicTableView.swift */,
			);
			path = Helpers;
			sourceTree = "<group>";
		};
		0D00521029D32EFA007CD2F8 /* Models */ = {
			isa = PBXGroup;
			children = (
				0D00521129D32F0B007CD2F8 /* BitBucketModel.swift */,
				0D00521329D32FE9007CD2F8 /* GitHubModel.swift */,
				0D00521729D41E5D007CD2F8 /* MainScreenModel.swift */,
			);
			path = Models;
			sourceTree = "<group>";
		};
		0D00521D29D440B4007CD2F8 /* Extentions */ = {
			isa = PBXGroup;
			children = (
				0D00521E29D440C8007CD2F8 /* UIViewController.swift */,
			);
			path = Extentions;
			sourceTree = "<group>";
		};
		88F696DCCD1F4674076A628B /* Pods */ = {
			isa = PBXGroup;
			children = (
				107A2C4CD596445848EA33F9 /* Pods-multipleRepApp.debug.xcconfig */,
				C459332AD6F9AE4FC43B723B /* Pods-multipleRepApp.release.xcconfig */,
			);
			path = Pods;
			sourceTree = "<group>";
		};
		F30917E62EB0C01244FDD2C5 /* Frameworks */ = {
			isa = PBXGroup;
			children = (
				83E41AF15920E68C55D440C7 /* Pods_multipleRepApp.framework */,
			);
			name = Frameworks;
			sourceTree = "<group>";
		};
/* End PBXGroup section */

/* Begin PBXNativeTarget section */
		0D0051D529D2E2BD007CD2F8 /* multipleRepApp */ = {
			isa = PBXNativeTarget;
			buildConfigurationList = 0D0051EA29D2E2BE007CD2F8 /* Build configuration list for PBXNativeTarget "multipleRepApp" */;
			buildPhases = (
				2390343A103A00221B4557EF /* [CP] Check Pods Manifest.lock */,
				0D0051D229D2E2BD007CD2F8 /* Sources */,
				0D0051D329D2E2BD007CD2F8 /* Frameworks */,
				0D0051D429D2E2BD007CD2F8 /* Resources */,
				BA98272CC03550C9C3CE2BA1 /* [CP] Embed Pods Frameworks */,
			);
			buildRules = (
			);
			dependencies = (
			);
			name = multipleRepApp;
			productName = multipleRepApp;
			productReference = 0D0051D629D2E2BD007CD2F8 /* multipleRepApp.app */;
			productType = "com.apple.product-type.application";
		};
/* End PBXNativeTarget section */

/* Begin PBXProject section */
		0D0051CE29D2E2BC007CD2F8 /* Project object */ = {
			isa = PBXProject;
			attributes = {
				BuildIndependentTargetsInParallel = 1;
				LastSwiftUpdateCheck = 1400;
				LastUpgradeCheck = 1400;
				TargetAttributes = {
					0D0051D529D2E2BD007CD2F8 = {
						CreatedOnToolsVersion = 14.0;
					};
				};
			};
			buildConfigurationList = 0D0051D129D2E2BC007CD2F8 /* Build configuration list for PBXProject "multipleRepApp" */;
			compatibilityVersion = "Xcode 14.0";
			developmentRegion = en;
			hasScannedForEncodings = 0;
			knownRegions = (
				en,
				Base,
			);
			mainGroup = 0D0051CD29D2E2BC007CD2F8;
			productRefGroup = 0D0051D729D2E2BD007CD2F8 /* Products */;
			projectDirPath = "";
			projectRoot = "";
			targets = (
				0D0051D529D2E2BD007CD2F8 /* multipleRepApp */,
			);
		};
/* End PBXProject section */

/* Begin PBXResourcesBuildPhase section */
		0D0051D429D2E2BD007CD2F8 /* Resources */ = {
			isa = PBXResourcesBuildPhase;
			buildActionMask = 2147483647;
			files = (
				0D0051E629D2E2BE007CD2F8 /* LaunchScreen.storyboard in Resources */,
				0D0051E329D2E2BE007CD2F8 /* Assets.xcassets in Resources */,
			);
			runOnlyForDeploymentPostprocessing = 0;
		};
/* End PBXResourcesBuildPhase section */

/* Begin PBXShellScriptBuildPhase section */
		2390343A103A00221B4557EF /* [CP] Check Pods Manifest.lock */ = {
			isa = PBXShellScriptBuildPhase;
			buildActionMask = 2147483647;
			files = (
			);
			inputFileListPaths = (
			);
			inputPaths = (
				"${PODS_PODFILE_DIR_PATH}/Podfile.lock",
				"${PODS_ROOT}/Manifest.lock",
			);
			name = "[CP] Check Pods Manifest.lock";
			outputFileListPaths = (
			);
			outputPaths = (
				"$(DERIVED_FILE_DIR)/Pods-multipleRepApp-checkManifestLockResult.txt",
			);
			runOnlyForDeploymentPostprocessing = 0;
			shellPath = /bin/sh;
			shellScript = "diff \"${PODS_PODFILE_DIR_PATH}/Podfile.lock\" \"${PODS_ROOT}/Manifest.lock\" > /dev/null\nif [ $? != 0 ] ; then\n    # print error to STDERR\n    echo \"error: The sandbox is not in sync with the Podfile.lock. Run 'pod install' or update your CocoaPods installation.\" >&2\n    exit 1\nfi\n# This output is used by Xcode 'outputs' to avoid re-running this script phase.\necho \"SUCCESS\" > \"${SCRIPT_OUTPUT_FILE_0}\"\n";
			showEnvVarsInLog = 0;
		};
		BA98272CC03550C9C3CE2BA1 /* [CP] Embed Pods Frameworks */ = {
			isa = PBXShellScriptBuildPhase;
			buildActionMask = 2147483647;
			files = (
			);
			inputFileListPaths = (
				"${PODS_ROOT}/Target Support Files/Pods-multipleRepApp/Pods-multipleRepApp-frameworks-${CONFIGURATION}-input-files.xcfilelist",
			);
			name = "[CP] Embed Pods Frameworks";
			outputFileListPaths = (
				"${PODS_ROOT}/Target Support Files/Pods-multipleRepApp/Pods-multipleRepApp-frameworks-${CONFIGURATION}-output-files.xcfilelist",
			);
			runOnlyForDeploymentPostprocessing = 0;
			shellPath = /bin/sh;
			shellScript = "\"${PODS_ROOT}/Target Support Files/Pods-multipleRepApp/Pods-multipleRepApp-frameworks.sh\"\n";
			showEnvVarsInLog = 0;
		};
/* End PBXShellScriptBuildPhase section */

/* Begin PBXSourcesBuildPhase section */
		0D0051D229D2E2BD007CD2F8 /* Sources */ = {
			isa = PBXSourcesBuildPhase;
			buildActionMask = 2147483647;
			files = (
				0D00521829D41E5D007CD2F8 /* MainScreenModel.swift in Sources */,
				0D00520829D32775007CD2F8 /* NetworkManager.swift in Sources */,
				0D00521F29D440C8007CD2F8 /* UIViewController.swift in Sources */,
				0D00520429D32020007CD2F8 /* ConstrainConstants.swift in Sources */,
				0D0051F529D2F8CD007CD2F8 /* Fonts.swift in Sources */,
				0D00521A29D42D43007CD2F8 /* TableViewProvidingProtocol.swift in Sources */,
				0D0051F229D2F7E2007CD2F8 /* RepositoryListTableViewCell.swift in Sources */,
				0D0051FF29D31C91007CD2F8 /* StringConstatnts.swift in Sources */,
				0D00520229D31D6A007CD2F8 /* DynamicTableView.swift in Sources */,
				0D0051DE29D2E2BD007CD2F8 /* MainRepositoryViewController.swift in Sources */,
				0D00521C29D431E0007CD2F8 /* ErrorTableViewCell.swift in Sources */,
				0D00520629D32765007CD2F8 /* Reachability.swift in Sources */,
				0D00521629D3317C007CD2F8 /* RepositopyListViewModel.swift in Sources */,
				0D0051DA29D2E2BD007CD2F8 /* AppDelegate.swift in Sources */,
				0D00521229D32F0B007CD2F8 /* BitBucketModel.swift in Sources */,
				0D00520C29D327D1007CD2F8 /* Endpoint.swift in Sources */,
				0D00521429D32FE9007CD2F8 /* GitHubModel.swift in Sources */,
				0DA1904729D469D10016E9C5 /* SearchProvidingProtocol.swift in Sources */,
				0D00520A29D3279E007CD2F8 /* NetworkError.swift in Sources */,
			);
			runOnlyForDeploymentPostprocessing = 0;
		};
/* End PBXSourcesBuildPhase section */

/* Begin PBXVariantGroup section */
		0D0051E429D2E2BE007CD2F8 /* LaunchScreen.storyboard */ = {
			isa = PBXVariantGroup;
			children = (
				0D0051E529D2E2BE007CD2F8 /* Base */,
			);
			name = LaunchScreen.storyboard;
			sourceTree = "<group>";
		};
/* End PBXVariantGroup section */

/* Begin XCBuildConfiguration section */
		0D0051E829D2E2BE007CD2F8 /* Debug */ = {
			isa = XCBuildConfiguration;
			buildSettings = {
				ALWAYS_SEARCH_USER_PATHS = NO;
				CLANG_ANALYZER_NONNULL = YES;
				CLANG_ANALYZER_NUMBER_OBJECT_CONVERSION = YES_AGGRESSIVE;
				CLANG_CXX_LANGUAGE_STANDARD = "gnu++20";
				CLANG_ENABLE_MODULES = YES;
				CLANG_ENABLE_OBJC_ARC = YES;
				CLANG_ENABLE_OBJC_WEAK = YES;
				CLANG_WARN_BLOCK_CAPTURE_AUTORELEASING = YES;
				CLANG_WARN_BOOL_CONVERSION = YES;
				CLANG_WARN_COMMA = YES;
				CLANG_WARN_CONSTANT_CONVERSION = YES;
				CLANG_WARN_DEPRECATED_OBJC_IMPLEMENTATIONS = YES;
				CLANG_WARN_DIRECT_OBJC_ISA_USAGE = YES_ERROR;
				CLANG_WARN_DOCUMENTATION_COMMENTS = YES;
				CLANG_WARN_EMPTY_BODY = YES;
				CLANG_WARN_ENUM_CONVERSION = YES;
				CLANG_WARN_INFINITE_RECURSION = YES;
				CLANG_WARN_INT_CONVERSION = YES;
				CLANG_WARN_NON_LITERAL_NULL_CONVERSION = YES;
				CLANG_WARN_OBJC_IMPLICIT_RETAIN_SELF = YES;
				CLANG_WARN_OBJC_LITERAL_CONVERSION = YES;
				CLANG_WARN_OBJC_ROOT_CLASS = YES_ERROR;
				CLANG_WARN_QUOTED_INCLUDE_IN_FRAMEWORK_HEADER = YES;
				CLANG_WARN_RANGE_LOOP_ANALYSIS = YES;
				CLANG_WARN_STRICT_PROTOTYPES = YES;
				CLANG_WARN_SUSPICIOUS_MOVE = YES;
				CLANG_WARN_UNGUARDED_AVAILABILITY = YES_AGGRESSIVE;
				CLANG_WARN_UNREACHABLE_CODE = YES;
				CLANG_WARN__DUPLICATE_METHOD_MATCH = YES;
				COPY_PHASE_STRIP = NO;
				DEBUG_INFORMATION_FORMAT = dwarf;
				ENABLE_STRICT_OBJC_MSGSEND = YES;
				ENABLE_TESTABILITY = YES;
				GCC_C_LANGUAGE_STANDARD = gnu11;
				GCC_DYNAMIC_NO_PIC = NO;
				GCC_NO_COMMON_BLOCKS = YES;
				GCC_OPTIMIZATION_LEVEL = 0;
				GCC_PREPROCESSOR_DEFINITIONS = (
					"DEBUG=1",
					"$(inherited)",
				);
				GCC_WARN_64_TO_32_BIT_CONVERSION = YES;
				GCC_WARN_ABOUT_RETURN_TYPE = YES_ERROR;
				GCC_WARN_UNDECLARED_SELECTOR = YES;
				GCC_WARN_UNINITIALIZED_AUTOS = YES_AGGRESSIVE;
				GCC_WARN_UNUSED_FUNCTION = YES;
				GCC_WARN_UNUSED_VARIABLE = YES;
				IPHONEOS_DEPLOYMENT_TARGET = 16.0;
				MTL_ENABLE_DEBUG_INFO = INCLUDE_SOURCE;
				MTL_FAST_MATH = YES;
				ONLY_ACTIVE_ARCH = YES;
				SDKROOT = iphoneos;
				SWIFT_ACTIVE_COMPILATION_CONDITIONS = DEBUG;
				SWIFT_OPTIMIZATION_LEVEL = "-Onone";
			};
			name = Debug;
		};
		0D0051E929D2E2BE007CD2F8 /* Release */ = {
			isa = XCBuildConfiguration;
			buildSettings = {
				ALWAYS_SEARCH_USER_PATHS = NO;
				CLANG_ANALYZER_NONNULL = YES;
				CLANG_ANALYZER_NUMBER_OBJECT_CONVERSION = YES_AGGRESSIVE;
				CLANG_CXX_LANGUAGE_STANDARD = "gnu++20";
				CLANG_ENABLE_MODULES = YES;
				CLANG_ENABLE_OBJC_ARC = YES;
				CLANG_ENABLE_OBJC_WEAK = YES;
				CLANG_WARN_BLOCK_CAPTURE_AUTORELEASING = YES;
				CLANG_WARN_BOOL_CONVERSION = YES;
				CLANG_WARN_COMMA = YES;
				CLANG_WARN_CONSTANT_CONVERSION = YES;
				CLANG_WARN_DEPRECATED_OBJC_IMPLEMENTATIONS = YES;
				CLANG_WARN_DIRECT_OBJC_ISA_USAGE = YES_ERROR;
				CLANG_WARN_DOCUMENTATION_COMMENTS = YES;
				CLANG_WARN_EMPTY_BODY = YES;
				CLANG_WARN_ENUM_CONVERSION = YES;
				CLANG_WARN_INFINITE_RECURSION = YES;
				CLANG_WARN_INT_CONVERSION = YES;
				CLANG_WARN_NON_LITERAL_NULL_CONVERSION = YES;
				CLANG_WARN_OBJC_IMPLICIT_RETAIN_SELF = YES;
				CLANG_WARN_OBJC_LITERAL_CONVERSION = YES;
				CLANG_WARN_OBJC_ROOT_CLASS = YES_ERROR;
				CLANG_WARN_QUOTED_INCLUDE_IN_FRAMEWORK_HEADER = YES;
				CLANG_WARN_RANGE_LOOP_ANALYSIS = YES;
				CLANG_WARN_STRICT_PROTOTYPES = YES;
				CLANG_WARN_SUSPICIOUS_MOVE = YES;
				CLANG_WARN_UNGUARDED_AVAILABILITY = YES_AGGRESSIVE;
				CLANG_WARN_UNREACHABLE_CODE = YES;
				CLANG_WARN__DUPLICATE_METHOD_MATCH = YES;
				COPY_PHASE_STRIP = NO;
				DEBUG_INFORMATION_FORMAT = "dwarf-with-dsym";
				ENABLE_NS_ASSERTIONS = NO;
				ENABLE_STRICT_OBJC_MSGSEND = YES;
				GCC_C_LANGUAGE_STANDARD = gnu11;
				GCC_NO_COMMON_BLOCKS = YES;
				GCC_WARN_64_TO_32_BIT_CONVERSION = YES;
				GCC_WARN_ABOUT_RETURN_TYPE = YES_ERROR;
				GCC_WARN_UNDECLARED_SELECTOR = YES;
				GCC_WARN_UNINITIALIZED_AUTOS = YES_AGGRESSIVE;
				GCC_WARN_UNUSED_FUNCTION = YES;
				GCC_WARN_UNUSED_VARIABLE = YES;
				IPHONEOS_DEPLOYMENT_TARGET = 16.0;
				MTL_ENABLE_DEBUG_INFO = NO;
				MTL_FAST_MATH = YES;
				SDKROOT = iphoneos;
				SWIFT_COMPILATION_MODE = wholemodule;
				SWIFT_OPTIMIZATION_LEVEL = "-O";
				VALIDATE_PRODUCT = YES;
			};
			name = Release;
		};
		0D0051EB29D2E2BE007CD2F8 /* Debug */ = {
			isa = XCBuildConfiguration;
			baseConfigurationReference = 107A2C4CD596445848EA33F9 /* Pods-multipleRepApp.debug.xcconfig */;
			buildSettings = {
				ASSETCATALOG_COMPILER_APPICON_NAME = AppIcon;
				ASSETCATALOG_COMPILER_GLOBAL_ACCENT_COLOR_NAME = AccentColor;
				CODE_SIGN_STYLE = Automatic;
				CURRENT_PROJECT_VERSION = 1;
				DEVELOPMENT_TEAM = A28483XCK4;
				GENERATE_INFOPLIST_FILE = YES;
				INFOPLIST_FILE = multipleRepApp/Info.plist;
				INFOPLIST_KEY_UIApplicationSupportsIndirectInputEvents = YES;
				INFOPLIST_KEY_UILaunchStoryboardName = LaunchScreen;
				INFOPLIST_KEY_UISupportedInterfaceOrientations_iPad = "UIInterfaceOrientationPortrait UIInterfaceOrientationPortraitUpsideDown UIInterfaceOrientationLandscapeLeft UIInterfaceOrientationLandscapeRight";
				INFOPLIST_KEY_UISupportedInterfaceOrientations_iPhone = "UIInterfaceOrientationPortrait UIInterfaceOrientationLandscapeLeft UIInterfaceOrientationLandscapeRight";
				LD_RUNPATH_SEARCH_PATHS = (
					"$(inherited)",
					"@executable_path/Frameworks",
				);
				MARKETING_VERSION = 1.0;
				PRODUCT_BUNDLE_IDENTIFIER = com.krysaktina.multipleRepApp;
				PRODUCT_NAME = "$(TARGET_NAME)";
				SWIFT_EMIT_LOC_STRINGS = YES;
				SWIFT_VERSION = 5.0;
				TARGETED_DEVICE_FAMILY = "1,2";
			};
			name = Debug;
		};
		0D0051EC29D2E2BE007CD2F8 /* Release */ = {
			isa = XCBuildConfiguration;
			baseConfigurationReference = C459332AD6F9AE4FC43B723B /* Pods-multipleRepApp.release.xcconfig */;
			buildSettings = {
				ASSETCATALOG_COMPILER_APPICON_NAME = AppIcon;
				ASSETCATALOG_COMPILER_GLOBAL_ACCENT_COLOR_NAME = AccentColor;
				CODE_SIGN_STYLE = Automatic;
				CURRENT_PROJECT_VERSION = 1;
				DEVELOPMENT_TEAM = A28483XCK4;
				GENERATE_INFOPLIST_FILE = YES;
				INFOPLIST_FILE = multipleRepApp/Info.plist;
				INFOPLIST_KEY_UIApplicationSupportsIndirectInputEvents = YES;
				INFOPLIST_KEY_UILaunchStoryboardName = LaunchScreen;
				INFOPLIST_KEY_UISupportedInterfaceOrientations_iPad = "UIInterfaceOrientationPortrait UIInterfaceOrientationPortraitUpsideDown UIInterfaceOrientationLandscapeLeft UIInterfaceOrientationLandscapeRight";
				INFOPLIST_KEY_UISupportedInterfaceOrientations_iPhone = "UIInterfaceOrientationPortrait UIInterfaceOrientationLandscapeLeft UIInterfaceOrientationLandscapeRight";
				LD_RUNPATH_SEARCH_PATHS = (
					"$(inherited)",
					"@executable_path/Frameworks",
				);
				MARKETING_VERSION = 1.0;
				PRODUCT_BUNDLE_IDENTIFIER = com.krysaktina.multipleRepApp;
				PRODUCT_NAME = "$(TARGET_NAME)";
				SWIFT_EMIT_LOC_STRINGS = YES;
				SWIFT_VERSION = 5.0;
				TARGETED_DEVICE_FAMILY = "1,2";
			};
			name = Release;
		};
/* End XCBuildConfiguration section */

/* Begin XCConfigurationList section */
		0D0051D129D2E2BC007CD2F8 /* Build configuration list for PBXProject "multipleRepApp" */ = {
			isa = XCConfigurationList;
			buildConfigurations = (
				0D0051E829D2E2BE007CD2F8 /* Debug */,
				0D0051E929D2E2BE007CD2F8 /* Release */,
			);
			defaultConfigurationIsVisible = 0;
			defaultConfigurationName = Release;
		};
		0D0051EA29D2E2BE007CD2F8 /* Build configuration list for PBXNativeTarget "multipleRepApp" */ = {
			isa = XCConfigurationList;
			buildConfigurations = (
				0D0051EB29D2E2BE007CD2F8 /* Debug */,
				0D0051EC29D2E2BE007CD2F8 /* Release */,
			);
			defaultConfigurationIsVisible = 0;
			defaultConfigurationName = Release;
		};
/* End XCConfigurationList section */
	};
	rootObject = 0D0051CE29D2E2BC007CD2F8 /* Project object */;
}
